
Microsoft Visual Studio Solution File, Format Version 12.00
# Visual Studio Version 17
VisualStudioVersion = 17.0.31903.59
MinimumVisualStudioVersion = 10.0.40219.1
Project("{9A19103F-16F7-4668-BE54-9A1E7A4F7556}") = "Spresso.Sdk.Core", "src\Spresso.Sdk.Core\Spresso.Sdk.Core.csproj", "{A3F2CCED-04A5-4731-BBEF-A8B845BFF621}"
EndProject
Project("{9A19103F-16F7-4668-BE54-9A1E7A4F7556}") = "Spresso.Sdk.ConsoleSample", "samples\Spresso.Sdk.ConsoleSample\Spresso.Sdk.ConsoleSample.csproj", "{4615E5BC-2787-4A26-B294-2819120D3F48}"
EndProject
Project("{9A19103F-16F7-4668-BE54-9A1E7A4F7556}") = "Spresso.Sdk.PriceOptimizations", "src\Spresso.Sdk.PriceOptimizations\Spresso.Sdk.PriceOptimizations.csproj", "{A516CF11-985F-4A63-A837-5C1C9C83B2EA}"
EndProject
Project("{2150E333-8FDC-42A3-9474-1A3956D46DE8}") = "Solution Items", "Solution Items", "{628A0F67-1865-4A3B-8AEB-7E3C6342048A}"
EndProject
Project("{9A19103F-16F7-4668-BE54-9A1E7A4F7556}") = "Spresso.MockApi", "tests\Spresso.MockApi\Spresso.MockApi.csproj", "{4FD02412-C6D2-4995-8E3C-57B1D7EB9A0A}"
EndProject
Project("{9A19103F-16F7-4668-BE54-9A1E7A4F7556}") = "Spresso.Sdk.Core.Tests", "tests\Spresso.Sdk.Core.Tests\Spresso.Sdk.Core.Tests.csproj", "{DE91DDA7-40A6-4EA0-85AF-8AAD7A2F3E52}"
EndProject
Project("{2150E333-8FDC-42A3-9474-1A3956D46DE8}") = "Tests", "Tests", "{75F32CFA-4B2C-428F-9932-FBB4EC302001}"
EndProject
Project("{2150E333-8FDC-42A3-9474-1A3956D46DE8}") = "Samples", "Samples", "{37BAF10E-0C44-4D46-9B94-9934A7541893}"
EndProject
Project("{2150E333-8FDC-42A3-9474-1A3956D46DE8}") = "SDKs", "SDKs", "{D4D72CD3-4FB6-4A4A-9EB0-4D4FA247A1A7}"
EndProject
Project("{9A19103F-16F7-4668-BE54-9A1E7A4F7556}") = "Spresso.Sdk.Tests.Shared", "tests\Spresso.Sdk.Tests.Shared\Spresso.Sdk.Tests.Shared.csproj", "{99A4C77A-2FB0-4263-A21F-31C5CCEE2631}"
EndProject
Project("{9A19103F-16F7-4668-BE54-9A1E7A4F7556}") = "_build", "build\_build.csproj", "{A920A0BF-A6B8-4CC6-AC41-099868461391}"
EndProject
Project("{9A19103F-16F7-4668-BE54-9A1E7A4F7556}") = "Spresso.Sdk.PriceOptimizations.Tests", "tests\Spresso.Sdk.PriceOptimizations.Tests\Spresso.Sdk.PriceOptimizations.Tests.csproj", "{A0BD2B76-6077-49FE-96A0-A29068A614DC}"
EndProject
Global
	GlobalSection(SolutionConfigurationPlatforms) = preSolution
		Debug|Any CPU = Debug|Any CPU
		Release|Any CPU = Release|Any CPU
	EndGlobalSection
	GlobalSection(ProjectConfigurationPlatforms) = postSolution
		{A3F2CCED-04A5-4731-BBEF-A8B845BFF621}.Debug|Any CPU.ActiveCfg = Debug|Any CPU
		{A3F2CCED-04A5-4731-BBEF-A8B845BFF621}.Debug|Any CPU.Build.0 = Debug|Any CPU
		{A3F2CCED-04A5-4731-BBEF-A8B845BFF621}.Release|Any CPU.ActiveCfg = Release|Any CPU
		{A3F2CCED-04A5-4731-BBEF-A8B845BFF621}.Release|Any CPU.Build.0 = Release|Any CPU
		{4615E5BC-2787-4A26-B294-2819120D3F48}.Debug|Any CPU.ActiveCfg = Debug|Any CPU
		{4615E5BC-2787-4A26-B294-2819120D3F48}.Debug|Any CPU.Build.0 = Debug|Any CPU
		{4615E5BC-2787-4A26-B294-2819120D3F48}.Release|Any CPU.ActiveCfg = Release|Any CPU
		{4615E5BC-2787-4A26-B294-2819120D3F48}.Release|Any CPU.Build.0 = Release|Any CPU
		{A516CF11-985F-4A63-A837-5C1C9C83B2EA}.Debug|Any CPU.ActiveCfg = Debug|Any CPU
		{A516CF11-985F-4A63-A837-5C1C9C83B2EA}.Debug|Any CPU.Build.0 = Debug|Any CPU
		{A516CF11-985F-4A63-A837-5C1C9C83B2EA}.Release|Any CPU.ActiveCfg = Release|Any CPU
		{A516CF11-985F-4A63-A837-5C1C9C83B2EA}.Release|Any CPU.Build.0 = Release|Any CPU
		{4FD02412-C6D2-4995-8E3C-57B1D7EB9A0A}.Debug|Any CPU.ActiveCfg = Debug|Any CPU
		{4FD02412-C6D2-4995-8E3C-57B1D7EB9A0A}.Debug|Any CPU.Build.0 = Debug|Any CPU
		{4FD02412-C6D2-4995-8E3C-57B1D7EB9A0A}.Release|Any CPU.ActiveCfg = Release|Any CPU
		{4FD02412-C6D2-4995-8E3C-57B1D7EB9A0A}.Release|Any CPU.Build.0 = Release|Any CPU
		{DE91DDA7-40A6-4EA0-85AF-8AAD7A2F3E52}.Debug|Any CPU.ActiveCfg = Debug|Any CPU
		{DE91DDA7-40A6-4EA0-85AF-8AAD7A2F3E52}.Debug|Any CPU.Build.0 = Debug|Any CPU
		{DE91DDA7-40A6-4EA0-85AF-8AAD7A2F3E52}.Release|Any CPU.ActiveCfg = Release|Any CPU
		{DE91DDA7-40A6-4EA0-85AF-8AAD7A2F3E52}.Release|Any CPU.Build.0 = Release|Any CPU
		{99A4C77A-2FB0-4263-A21F-31C5CCEE2631}.Debug|Any CPU.ActiveCfg = Debug|Any CPU
		{99A4C77A-2FB0-4263-A21F-31C5CCEE2631}.Debug|Any CPU.Build.0 = Debug|Any CPU
		{99A4C77A-2FB0-4263-A21F-31C5CCEE2631}.Release|Any CPU.ActiveCfg = Release|Any CPU
		{99A4C77A-2FB0-4263-A21F-31C5CCEE2631}.Release|Any CPU.Build.0 = Release|Any CPU
		{A920A0BF-A6B8-4CC6-AC41-099868461391}.Debug|Any CPU.ActiveCfg = Debug|Any CPU
		{A920A0BF-A6B8-4CC6-AC41-099868461391}.Release|Any CPU.ActiveCfg = Release|Any CPU
		{A0BD2B76-6077-49FE-96A0-A29068A614DC}.Debug|Any CPU.ActiveCfg = Debug|Any CPU
		{A0BD2B76-6077-49FE-96A0-A29068A614DC}.Debug|Any CPU.Build.0 = Debug|Any CPU
		{A0BD2B76-6077-49FE-96A0-A29068A614DC}.Release|Any CPU.ActiveCfg = Release|Any CPU
		{A0BD2B76-6077-49FE-96A0-A29068A614DC}.Release|Any CPU.Build.0 = Release|Any CPU
	EndGlobalSection
	GlobalSection(SolutionProperties) = preSolution
		HideSolutionNode = FALSE
	EndGlobalSection
	GlobalSection(NestedProjects) = preSolution
		{A3F2CCED-04A5-4731-BBEF-A8B845BFF621} = {D4D72CD3-4FB6-4A4A-9EB0-4D4FA247A1A7}
		{4615E5BC-2787-4A26-B294-2819120D3F48} = {37BAF10E-0C44-4D46-9B94-9934A7541893}
		{A516CF11-985F-4A63-A837-5C1C9C83B2EA} = {D4D72CD3-4FB6-4A4A-9EB0-4D4FA247A1A7}
		{4FD02412-C6D2-4995-8E3C-57B1D7EB9A0A} = {75F32CFA-4B2C-428F-9932-FBB4EC302001}
		{DE91DDA7-40A6-4EA0-85AF-8AAD7A2F3E52} = {75F32CFA-4B2C-428F-9932-FBB4EC302001}
		{99A4C77A-2FB0-4263-A21F-31C5CCEE2631} = {75F32CFA-4B2C-428F-9932-FBB4EC302001}
		{A0BD2B76-6077-49FE-96A0-A29068A614DC} = {75F32CFA-4B2C-428F-9932-FBB4EC302001}
	EndGlobalSection
	GlobalSection(ExtensibilityGlobals) = postSolution
		SolutionGuid = {2F675754-3458-4D8D-B800-160BC0817857}
	EndGlobalSection
EndGlobal
